
Microsoft Visual Studio Solution File, Format Version 11.00
# Visual Studio 2010
Project("{FAE04EC0-301F-11D3-BF4B-00C04F79EFBC}") = "segment_test", "segment_test\segment_test.csproj", "{7C314507-5C6F-4228-860A-50760BCB570F}"
EndProject
Global
	GlobalSection(SolutionConfigurationPlatforms) = preSolution
		Debug|x86 = Debug|x86
		Release|x86 = Release|x86
	EndGlobalSection
	GlobalSection(ProjectConfigurationPlatforms) = postSolution
		{7C314507-5C6F-4228-860A-50760BCB570F}.Debug|x86.ActiveCfg = Debug|x86
		{7C314507-5C6F-4228-860A-50760BCB570F}.Debug|x86.Build.0 = Debug|x86
		{7C314507-5C6F-4228-860A-50760BCB570F}.Release|x86.ActiveCfg = Release|x86
		{7C314507-5C6F-4228-860A-50760BCB570F}.Release|x86.Build.0 = Release|x86
	EndGlobalSection
	GlobalSection(SolutionProperties) = preSolution
		HideSolutionNode = FALSE
	EndGlobalSection
EndGlobal
