
Microsoft Visual Studio Solution File, Format Version 12.00
# Visual Studio Version 16
VisualStudioVersion = 16.0.30611.23
MinimumVisualStudioVersion = 10.0.40219.1
Project("{FAE04EC0-301F-11D3-BF4B-00C04F79EFBC}") = "DIBTransformCLR", "DIBTransformCLR\DIBTransformCLR.csproj", "{89483FF3-5A2E-4A9B-888D-12165FF802AB}"
EndProject
Global
	GlobalSection(SolutionConfigurationPlatforms) = preSolution
		Debug|Any CPU = Debug|Any CPU
		Release|Any CPU = Release|Any CPU
	EndGlobalSection
	GlobalSection(ProjectConfigurationPlatforms) = postSolution
		{89483FF3-5A2E-4A9B-888D-12165FF802AB}.Debug|Any CPU.ActiveCfg = Debug|Any CPU
		{89483FF3-5A2E-4A9B-888D-12165FF802AB}.Debug|Any CPU.Build.0 = Debug|Any CPU
		{89483FF3-5A2E-4A9B-888D-12165FF802AB}.Release|Any CPU.ActiveCfg = Release|Any CPU
		{89483FF3-5A2E-4A9B-888D-12165FF802AB}.Release|Any CPU.Build.0 = Release|Any CPU
	EndGlobalSection
	GlobalSection(SolutionProperties) = preSolution
		HideSolutionNode = FALSE
	EndGlobalSection
	GlobalSection(ExtensibilityGlobals) = postSolution
		SolutionGuid = {48D78692-22B1-4C7A-B990-6DF202E3182E}
	EndGlobalSection
EndGlobal
